
Microsoft Visual Studio Solution File, Format Version 12.00
# Visual Studio Version 17
VisualStudioVersion = 17.5.33502.453
MinimumVisualStudioVersion = 10.0.40219.1
Project("{FAE04EC0-301F-11D3-BF4B-00C04F79EFBC}") = "MapWhenExample", "MapWhenExample\MapWhenExample.csproj", "{A8F08110-1C55-449E-B69D-3C226A2D404C}"
EndProject
Global
	GlobalSection(SolutionConfigurationPlatforms) = preSolution
		Debug|Any CPU = Debug|Any CPU
		Release|Any CPU = Release|Any CPU
	EndGlobalSection
	GlobalSection(ProjectConfigurationPlatforms) = postSolution
		{A8F08110-1C55-449E-B69D-3C226A2D404C}.Debug|Any CPU.ActiveCfg = Debug|Any CPU
		{A8F08110-1C55-449E-B69D-3C226A2D404C}.Debug|Any CPU.Build.0 = Debug|Any CPU
		{A8F08110-1C55-449E-B69D-3C226A2D404C}.Release|Any CPU.ActiveCfg = Release|Any CPU
		{A8F08110-1C55-449E-B69D-3C226A2D404C}.Release|Any CPU.Build.0 = Release|Any CPU
	EndGlobalSection
	GlobalSection(SolutionProperties) = preSolution
		HideSolutionNode = FALSE
	EndGlobalSection
	GlobalSection(ExtensibilityGlobals) = postSolution
		SolutionGuid = {DB7611FE-273F-4FCF-9209-040CC2E29560}
	EndGlobalSection
EndGlobal
